Microsoft Visual Studio Solution File, Format Version 12.00
# Visual Studio 2013
VisualStudioVersion = 12.0.31101.0
MinimumVisualStudioVersion = 10.0.40219.1
Project("{8BC9CEB8-8B4A-11D0-8D11-00A0C91BC942}") = "NT-Store-8.1-Static-Unicode", "NT-Store-8.1-Static-Unicode\NT-Store-8.1-Static-Unicode.vcxproj", "{5BAD3295-3CC2-4416-A65F-16B304654800}"
EndProject
Project("{8BC9CEB8-8B4A-11D0-8D11-00A0C91BC942}") = "NT-Store-8.1-Static-Unicode-winrtcomponent", "NT-Store-8.1-Static-Unicode-winrtcomponent\NT-Store-8.1-Static-Unicode-winrtcomponent.vcxproj", "{9A5F9DB2-028F-4C9E-A38D-5DDD1CC1E7D3}"
	ProjectSection(ProjectDependencies) = postProject
		{5BAD3295-3CC2-4416-A65F-16B304654800} = {5BAD3295-3CC2-4416-A65F-16B304654800}
	EndProjectSection
EndProject
Project("{FAE04EC0-301F-11D3-BF4B-00C04F79EFBC}") = "NT-Store-8.1-Static-Unicode-testapp", "NT-Store-8.1-Static-Unicode-testapp\NT-Store-8.1-Static-Unicode-testapp.csproj", "{107269C7-4696-409E-971F-8AD55BE9D522}"
EndProject
Project("{8BC9CEB8-8B4A-11D0-8D11-00A0C91BC942}") = "NT-Store-8.1-Dll-Unicode", "NT-Store-8.1-Dll-Unicode\NT-Store-8.1-Dll-Unicode.vcxproj", "{74B83832-68A4-4F38-80C1-DDAFD6A8411C}"
EndProject
Project("{8BC9CEB8-8B4A-11D0-8D11-00A0C91BC942}") = "NT-Store-8.1-Dll-Unicode-winrtcomponent", "NT-Store-8.1-Dll-Unicode-winrtcomponent\NT-Store-8.1-Dll-Unicode-winrtcomponent.vcxproj", "{E1D6D4AD-C927-4E7E-93F7-E9B436867687}"
	ProjectSection(ProjectDependencies) = postProject
		{74B83832-68A4-4F38-80C1-DDAFD6A8411C} = {74B83832-68A4-4F38-80C1-DDAFD6A8411C}
	EndProjectSection
EndProject
Project("{FAE04EC0-301F-11D3-BF4B-00C04F79EFBC}") = "NT-Store-8.1-Dll-Unicode-testapp", "NT-Store-8.1-Dll-Unicode-testapp\NT-Store-8.1-Dll-Unicode-testapp.csproj", "{F837355F-32CD-4477-A063-9F13E455CBC7}"
EndProject
Project("{8BC9CEB8-8B4A-11D0-8D11-00A0C91BC942}") = "NT-Phone-8.1-Static-Unicode", "NT-Phone-8.1-Static-Unicode\NT-Phone-8.1-Static-Unicode.vcxproj", "{4EBEC75C-CC8F-4BF2-86FE-01E0D63FF657}"
EndProject
Project("{8BC9CEB8-8B4A-11D0-8D11-00A0C91BC942}") = "NT-Phone-8.1-Static-Unicode-winrtcomponent", "NT-Phone-8.1-Static-Unicode-winrtcomponent\NT-Phone-8.1-Static-Unicode-winrtcomponent.vcxproj", "{DA7F914C-C21C-46BC-BCDA-543AAC73CD09}"
	ProjectSection(ProjectDependencies) = postProject
		{4EBEC75C-CC8F-4BF2-86FE-01E0D63FF657} = {4EBEC75C-CC8F-4BF2-86FE-01E0D63FF657}
	EndProjectSection
EndProject
Project("{FAE04EC0-301F-11D3-BF4B-00C04F79EFBC}") = "NT-Phone-8.1-Static-Unicode-testapp", "NT-Phone-8.1-Static-Unicode-testapp\NT-Phone-8.1-Static-Unicode-testapp.csproj", "{77F024B2-24DA-444C-8CAF-670106BEF31B}"
EndProject
Project("{8BC9CEB8-8B4A-11D0-8D11-00A0C91BC942}") = "NT-Phone-8.1-Dll-Unicode", "NT-Phone-8.1-Dll-Unicode\NT-Phone-8.1-Dll-Unicode.vcxproj", "{2D015673-B1A5-47A8-BA8E-CE9D609B2170}"
EndProject
Project("{8BC9CEB8-8B4A-11D0-8D11-00A0C91BC942}") = "NT-Phone-8.1-Dll-Unicode-winrtcomponent", "NT-Phone-8.1-Dll-Unicode-winrtcomponent\NT-Phone-8.1-Dll-Unicode-winrtcomponent.vcxproj", "{0CB58F0E-F496-49A9-8636-87FCB42AE929}"
	ProjectSection(ProjectDependencies) = postProject
		{2D015673-B1A5-47A8-BA8E-CE9D609B2170} = {2D015673-B1A5-47A8-BA8E-CE9D609B2170}
	EndProjectSection
EndProject
Project("{FAE04EC0-301F-11D3-BF4B-00C04F79EFBC}") = "NT-Phone-8.1-Dll-Unicode-testapp", "NT-Phone-8.1-Dll-Unicode-testapp\NT-Phone-8.1-Dll-Unicode-testapp.csproj", "{3141D5D9-8BB1-41FA-BE64-EBEC6C06B29F}"
EndProject
Project("{8BC9CEB8-8B4A-11D0-8D11-00A0C91BC942}") = "NT-Phone-8.0-Static-Unicode", "NT-Phone-8.0-Static-Unicode\NT-Phone-8.0-Static-Unicode.vcxproj", "{EABB977A-C639-4C0B-B785-B0010A5F3AE4}"
EndProject
Project("{8BC9CEB8-8B4A-11D0-8D11-00A0C91BC942}") = "NT-Phone-8.0-Static-Unicode-winrtcomponent", "NT-Phone-8.0-Static-Unicode-winrtcomponent\NT-Phone-8.0-Static-Unicode-winrtcomponent.vcxproj", "{AA718494-573E-4C61-B098-6F01DE171F99}"
	ProjectSection(ProjectDependencies) = postProject
		{EABB977A-C639-4C0B-B785-B0010A5F3AE4} = {EABB977A-C639-4C0B-B785-B0010A5F3AE4}
	EndProjectSection
EndProject
Project("{FAE04EC0-301F-11D3-BF4B-00C04F79EFBC}") = "NT-Phone-8.0-Static-Unicode-testapp", "NT-Phone-8.0-Static-Unicode-testapp\NT-Phone-8.0-Static-Unicode-testapp.csproj", "{53F8E5E1-EB37-4A12-BDB0-D98EB128C47A}"
EndProject
Project("{8BC9CEB8-8B4A-11D0-8D11-00A0C91BC942}") = "NT-Phone-8.0-Dll-Unicode", "NT-Phone-8.0-Dll-Unicode\NT-Phone-8.0-Dll-Unicode.vcxproj", "{00B50F7D-EB0B-463F-B18D-CE55903646F5}"
EndProject
Project("{8BC9CEB8-8B4A-11D0-8D11-00A0C91BC942}") = "NT-Phone-8.0-Dll-Unicode-winrtcomponent", "NT-Phone-8.0-Dll-Unicode-winrtcomponent\NT-Phone-8.0-Dll-Unicode-winrtcomponent.vcxproj", "{499EBAFA-3460-4F0D-8984-A7D9798A8967}"
	ProjectSection(ProjectDependencies) = postProject
		{00B50F7D-EB0B-463F-B18D-CE55903646F5} = {00B50F7D-EB0B-463F-B18D-CE55903646F5}
	EndProjectSection
EndProject
Project("{FAE04EC0-301F-11D3-BF4B-00C04F79EFBC}") = "NT-Phone-8.0-Dll-Unicode-testapp", "NT-Phone-8.0-Dll-Unicode-testapp\NT-Phone-8.0-Dll-Unicode-testapp.csproj", "{E4127FE0-F956-4925-8C39-BEABDBD7E174}"
EndProject
Global
	GlobalSection(SolutionConfigurationPlatforms) = preSolution
		Debug|ARM = Debug|ARM
		Debug|x64 = Debug|x64
		Debug|x86 = Debug|x86
		Release|ARM = Release|ARM
		Release|x64 = Release|x64
		Release|x86 = Release|x86
	EndGlobalSection
	GlobalSection(ProjectConfigurationPlatforms) = postSolution
		{5BAD3295-3CC2-4416-A65F-16B304654800}.Debug|ARM.ActiveCfg = Debug|ARM
		{5BAD3295-3CC2-4416-A65F-16B304654800}.Debug|ARM.Build.0 = Debug|ARM
		{5BAD3295-3CC2-4416-A65F-16B304654800}.Debug|x64.ActiveCfg = Debug|x64
		{5BAD3295-3CC2-4416-A65F-16B304654800}.Debug|x64.Build.0 = Debug|x64
		{5BAD3295-3CC2-4416-A65F-16B304654800}.Debug|x86.ActiveCfg = Debug|Win32
		{5BAD3295-3CC2-4416-A65F-16B304654800}.Debug|x86.Build.0 = Debug|Win32
		{5BAD3295-3CC2-4416-A65F-16B304654800}.Release|ARM.ActiveCfg = Release|ARM
		{5BAD3295-3CC2-4416-A65F-16B304654800}.Release|ARM.Build.0 = Release|ARM
		{5BAD3295-3CC2-4416-A65F-16B304654800}.Release|x64.ActiveCfg = Release|x64
		{5BAD3295-3CC2-4416-A65F-16B304654800}.Release|x64.Build.0 = Release|x64
		{5BAD3295-3CC2-4416-A65F-16B304654800}.Release|x86.ActiveCfg = Release|Win32
		{5BAD3295-3CC2-4416-A65F-16B304654800}.Release|x86.Build.0 = Release|Win32
		{9A5F9DB2-028F-4C9E-A38D-5DDD1CC1E7D3}.Debug|ARM.ActiveCfg = Debug|ARM
		{9A5F9DB2-028F-4C9E-A38D-5DDD1CC1E7D3}.Debug|ARM.Build.0 = Debug|ARM
		{9A5F9DB2-028F-4C9E-A38D-5DDD1CC1E7D3}.Debug|x64.ActiveCfg = Debug|x64
		{9A5F9DB2-028F-4C9E-A38D-5DDD1CC1E7D3}.Debug|x64.Build.0 = Debug|x64
		{9A5F9DB2-028F-4C9E-A38D-5DDD1CC1E7D3}.Debug|x86.ActiveCfg = Debug|Win32
		{9A5F9DB2-028F-4C9E-A38D-5DDD1CC1E7D3}.Debug|x86.Build.0 = Debug|Win32
		{9A5F9DB2-028F-4C9E-A38D-5DDD1CC1E7D3}.Release|ARM.ActiveCfg = Release|ARM
		{9A5F9DB2-028F-4C9E-A38D-5DDD1CC1E7D3}.Release|ARM.Build.0 = Release|ARM
		{9A5F9DB2-028F-4C9E-A38D-5DDD1CC1E7D3}.Release|x64.ActiveCfg = Release|x64
		{9A5F9DB2-028F-4C9E-A38D-5DDD1CC1E7D3}.Release|x64.Build.0 = Release|x64
		{9A5F9DB2-028F-4C9E-A38D-5DDD1CC1E7D3}.Release|x86.ActiveCfg = Release|Win32
		{9A5F9DB2-028F-4C9E-A38D-5DDD1CC1E7D3}.Release|x86.Build.0 = Release|Win32
		{107269C7-4696-409E-971F-8AD55BE9D522}.Debug|ARM.ActiveCfg = Debug|ARM
		{107269C7-4696-409E-971F-8AD55BE9D522}.Debug|ARM.Build.0 = Debug|ARM
		{107269C7-4696-409E-971F-8AD55BE9D522}.Debug|ARM.Deploy.0 = Debug|ARM
		{107269C7-4696-409E-971F-8AD55BE9D522}.Debug|x64.ActiveCfg = Debug|x64
		{107269C7-4696-409E-971F-8AD55BE9D522}.Debug|x64.Build.0 = Debug|x64
		{107269C7-4696-409E-971F-8AD55BE9D522}.Debug|x64.Deploy.0 = Debug|x64
		{107269C7-4696-409E-971F-8AD55BE9D522}.Debug|x86.ActiveCfg = Debug|x86
		{107269C7-4696-409E-971F-8AD55BE9D522}.Debug|x86.Build.0 = Debug|x86
		{107269C7-4696-409E-971F-8AD55BE9D522}.Debug|x86.Deploy.0 = Debug|x86
		{107269C7-4696-409E-971F-8AD55BE9D522}.Release|ARM.ActiveCfg = Release|ARM
		{107269C7-4696-409E-971F-8AD55BE9D522}.Release|ARM.Build.0 = Release|ARM
		{107269C7-4696-409E-971F-8AD55BE9D522}.Release|ARM.Deploy.0 = Release|ARM
		{107269C7-4696-409E-971F-8AD55BE9D522}.Release|x64.ActiveCfg = Release|x64
		{107269C7-4696-409E-971F-8AD55BE9D522}.Release|x64.Build.0 = Release|x64
		{107269C7-4696-409E-971F-8AD55BE9D522}.Release|x64.Deploy.0 = Release|x64
		{107269C7-4696-409E-971F-8AD55BE9D522}.Release|x86.ActiveCfg = Release|x86
		{107269C7-4696-409E-971F-8AD55BE9D522}.Release|x86.Build.0 = Release|x86
		{107269C7-4696-409E-971F-8AD55BE9D522}.Release|x86.Deploy.0 = Release|x86
		{74B83832-68A4-4F38-80C1-DDAFD6A8411C}.Debug|ARM.ActiveCfg = Debug|ARM
		{74B83832-68A4-4F38-80C1-DDAFD6A8411C}.Debug|ARM.Build.0 = Debug|ARM
		{74B83832-68A4-4F38-80C1-DDAFD6A8411C}.Debug|x64.ActiveCfg = Debug|x64
		{74B83832-68A4-4F38-80C1-DDAFD6A8411C}.Debug|x64.Build.0 = Debug|x64
		{74B83832-68A4-4F38-80C1-DDAFD6A8411C}.Debug|x86.ActiveCfg = Debug|Win32
		{74B83832-68A4-4F38-80C1-DDAFD6A8411C}.Debug|x86.Build.0 = Debug|Win32
		{74B83832-68A4-4F38-80C1-DDAFD6A8411C}.Release|ARM.ActiveCfg = Release|ARM
		{74B83832-68A4-4F38-80C1-DDAFD6A8411C}.Release|ARM.Build.0 = Release|ARM
		{74B83832-68A4-4F38-80C1-DDAFD6A8411C}.Release|x64.ActiveCfg = Release|x64
		{74B83832-68A4-4F38-80C1-DDAFD6A8411C}.Release|x64.Build.0 = Release|x64
		{74B83832-68A4-4F38-80C1-DDAFD6A8411C}.Release|x86.ActiveCfg = Release|Win32
		{74B83832-68A4-4F38-80C1-DDAFD6A8411C}.Release|x86.Build.0 = Release|Win32
		{E1D6D4AD-C927-4E7E-93F7-E9B436867687}.Debug|ARM.ActiveCfg = Debug|ARM
		{E1D6D4AD-C927-4E7E-93F7-E9B436867687}.Debug|ARM.Build.0 = Debug|ARM
		{E1D6D4AD-C927-4E7E-93F7-E9B436867687}.Debug|x64.ActiveCfg = Debug|x64
		{E1D6D4AD-C927-4E7E-93F7-E9B436867687}.Debug|x64.Build.0 = Debug|x64
		{E1D6D4AD-C927-4E7E-93F7-E9B436867687}.Debug|x86.ActiveCfg = Debug|Win32
		{E1D6D4AD-C927-4E7E-93F7-E9B436867687}.Debug|x86.Build.0 = Debug|Win32
		{E1D6D4AD-C927-4E7E-93F7-E9B436867687}.Release|ARM.ActiveCfg = Release|ARM
		{E1D6D4AD-C927-4E7E-93F7-E9B436867687}.Release|ARM.Build.0 = Release|ARM
		{E1D6D4AD-C927-4E7E-93F7-E9B436867687}.Release|x64.ActiveCfg = Release|x64
		{E1D6D4AD-C927-4E7E-93F7-E9B436867687}.Release|x64.Build.0 = Release|x64
		{E1D6D4AD-C927-4E7E-93F7-E9B436867687}.Release|x86.ActiveCfg = Release|Win32
		{E1D6D4AD-C927-4E7E-93F7-E9B436867687}.Release|x86.Build.0 = Release|Win32
		{F837355F-32CD-4477-A063-9F13E455CBC7}.Debug|ARM.ActiveCfg = Debug|ARM
		{F837355F-32CD-4477-A063-9F13E455CBC7}.Debug|ARM.Build.0 = Debug|ARM
		{F837355F-32CD-4477-A063-9F13E455CBC7}.Debug|ARM.Deploy.0 = Debug|ARM
		{F837355F-32CD-4477-A063-9F13E455CBC7}.Debug|x64.ActiveCfg = Debug|x64
		{F837355F-32CD-4477-A063-9F13E455CBC7}.Debug|x64.Build.0 = Debug|x64
		{F837355F-32CD-4477-A063-9F13E455CBC7}.Debug|x64.Deploy.0 = Debug|x64
		{F837355F-32CD-4477-A063-9F13E455CBC7}.Debug|x86.ActiveCfg = Debug|x86
		{F837355F-32CD-4477-A063-9F13E455CBC7}.Debug|x86.Build.0 = Debug|x86
		{F837355F-32CD-4477-A063-9F13E455CBC7}.Debug|x86.Deploy.0 = Debug|x86
		{F837355F-32CD-4477-A063-9F13E455CBC7}.Release|ARM.ActiveCfg = Release|ARM
		{F837355F-32CD-4477-A063-9F13E455CBC7}.Release|ARM.Build.0 = Release|ARM
		{F837355F-32CD-4477-A063-9F13E455CBC7}.Release|ARM.Deploy.0 = Release|ARM
		{F837355F-32CD-4477-A063-9F13E455CBC7}.Release|x64.ActiveCfg = Release|x64
		{F837355F-32CD-4477-A063-9F13E455CBC7}.Release|x64.Build.0 = Release|x64
		{F837355F-32CD-4477-A063-9F13E455CBC7}.Release|x64.Deploy.0 = Release|x64
		{F837355F-32CD-4477-A063-9F13E455CBC7}.Release|x86.ActiveCfg = Release|x86
		{F837355F-32CD-4477-A063-9F13E455CBC7}.Release|x86.Build.0 = Release|x86
		{F837355F-32CD-4477-A063-9F13E455CBC7}.Release|x86.Deploy.0 = Release|x86
		{4EBEC75C-CC8F-4BF2-86FE-01E0D63FF657}.Debug|ARM.ActiveCfg = Debug|ARM
		{4EBEC75C-CC8F-4BF2-86FE-01E0D63FF657}.Debug|ARM.Build.0 = Debug|ARM
		{4EBEC75C-CC8F-4BF2-86FE-01E0D63FF657}.Debug|x64.ActiveCfg = Debug|Win32
		{4EBEC75C-CC8F-4BF2-86FE-01E0D63FF657}.Debug|x86.ActiveCfg = Debug|Win32
		{4EBEC75C-CC8F-4BF2-86FE-01E0D63FF657}.Debug|x86.Build.0 = Debug|Win32
		{4EBEC75C-CC8F-4BF2-86FE-01E0D63FF657}.Release|ARM.ActiveCfg = Release|ARM
		{4EBEC75C-CC8F-4BF2-86FE-01E0D63FF657}.Release|ARM.Build.0 = Release|ARM
		{4EBEC75C-CC8F-4BF2-86FE-01E0D63FF657}.Release|x64.ActiveCfg = Release|Win32
		{4EBEC75C-CC8F-4BF2-86FE-01E0D63FF657}.Release|x86.ActiveCfg = Release|Win32
		{4EBEC75C-CC8F-4BF2-86FE-01E0D63FF657}.Release|x86.Build.0 = Release|Win32
		{DA7F914C-C21C-46BC-BCDA-543AAC73CD09}.Debug|ARM.ActiveCfg = Debug|ARM
		{DA7F914C-C21C-46BC-BCDA-543AAC73CD09}.Debug|ARM.Build.0 = Debug|ARM
		{DA7F914C-C21C-46BC-BCDA-543AAC73CD09}.Debug|x64.ActiveCfg = Debug|Win32
		{DA7F914C-C21C-46BC-BCDA-543AAC73CD09}.Debug|x86.ActiveCfg = Debug|Win32
		{DA7F914C-C21C-46BC-BCDA-543AAC73CD09}.Debug|x86.Build.0 = Debug|Win32
		{DA7F914C-C21C-46BC-BCDA-543AAC73CD09}.Release|ARM.ActiveCfg = Release|ARM
		{DA7F914C-C21C-46BC-BCDA-543AAC73CD09}.Release|ARM.Build.0 = Release|ARM
		{DA7F914C-C21C-46BC-BCDA-543AAC73CD09}.Release|x64.ActiveCfg = Release|Win32
		{DA7F914C-C21C-46BC-BCDA-543AAC73CD09}.Release|x86.ActiveCfg = Release|Win32
		{DA7F914C-C21C-46BC-BCDA-543AAC73CD09}.Release|x86.Build.0 = Release|Win32
		{77F024B2-24DA-444C-8CAF-670106BEF31B}.Debug|ARM.ActiveCfg = Debug|ARM
		{77F024B2-24DA-444C-8CAF-670106BEF31B}.Debug|ARM.Build.0 = Debug|ARM
		{77F024B2-24DA-444C-8CAF-670106BEF31B}.Debug|ARM.Deploy.0 = Debug|ARM
		{77F024B2-24DA-444C-8CAF-670106BEF31B}.Debug|x64.ActiveCfg = Debug|x86
		{77F024B2-24DA-444C-8CAF-670106BEF31B}.Debug|x86.ActiveCfg = Debug|x86
		{77F024B2-24DA-444C-8CAF-670106BEF31B}.Debug|x86.Build.0 = Debug|x86
		{77F024B2-24DA-444C-8CAF-670106BEF31B}.Debug|x86.Deploy.0 = Debug|x86
		{77F024B2-24DA-444C-8CAF-670106BEF31B}.Release|ARM.ActiveCfg = Release|ARM
		{77F024B2-24DA-444C-8CAF-670106BEF31B}.Release|ARM.Build.0 = Release|ARM
		{77F024B2-24DA-444C-8CAF-670106BEF31B}.Release|ARM.Deploy.0 = Release|ARM
		{77F024B2-24DA-444C-8CAF-670106BEF31B}.Release|x64.ActiveCfg = Release|x86
		{77F024B2-24DA-444C-8CAF-670106BEF31B}.Release|x86.ActiveCfg = Release|x86
		{77F024B2-24DA-444C-8CAF-670106BEF31B}.Release|x86.Build.0 = Release|x86
		{77F024B2-24DA-444C-8CAF-670106BEF31B}.Release|x86.Deploy.0 = Release|x86
		{2D015673-B1A5-47A8-BA8E-CE9D609B2170}.Debug|ARM.ActiveCfg = Debug|ARM
		{2D015673-B1A5-47A8-BA8E-CE9D609B2170}.Debug|ARM.Build.0 = Debug|ARM
		{2D015673-B1A5-47A8-BA8E-CE9D609B2170}.Debug|x64.ActiveCfg = Debug|Win32
		{2D015673-B1A5-47A8-BA8E-CE9D609B2170}.Debug|x86.ActiveCfg = Debug|Win32
		{2D015673-B1A5-47A8-BA8E-CE9D609B2170}.Debug|x86.Build.0 = Debug|Win32
		{2D015673-B1A5-47A8-BA8E-CE9D609B2170}.Release|ARM.ActiveCfg = Release|ARM
		{2D015673-B1A5-47A8-BA8E-CE9D609B2170}.Release|ARM.Build.0 = Release|ARM
		{2D015673-B1A5-47A8-BA8E-CE9D609B2170}.Release|x64.ActiveCfg = Release|Win32
		{2D015673-B1A5-47A8-BA8E-CE9D609B2170}.Release|x86.ActiveCfg = Release|Win32
		{2D015673-B1A5-47A8-BA8E-CE9D609B2170}.Release|x86.Build.0 = Release|Win32
		{0CB58F0E-F496-49A9-8636-87FCB42AE929}.Debug|ARM.ActiveCfg = Debug|ARM
		{0CB58F0E-F496-49A9-8636-87FCB42AE929}.Debug|ARM.Build.0 = Debug|ARM
		{0CB58F0E-F496-49A9-8636-87FCB42AE929}.Debug|x64.ActiveCfg = Debug|Win32
		{0CB58F0E-F496-49A9-8636-87FCB42AE929}.Debug|x86.ActiveCfg = Debug|Win32
		{0CB58F0E-F496-49A9-8636-87FCB42AE929}.Debug|x86.Build.0 = Debug|Win32
		{0CB58F0E-F496-49A9-8636-87FCB42AE929}.Release|ARM.ActiveCfg = Release|ARM
		{0CB58F0E-F496-49A9-8636-87FCB42AE929}.Release|ARM.Build.0 = Release|ARM
		{0CB58F0E-F496-49A9-8636-87FCB42AE929}.Release|x64.ActiveCfg = Release|Win32
		{0CB58F0E-F496-49A9-8636-87FCB42AE929}.Release|x86.ActiveCfg = Release|Win32
		{0CB58F0E-F496-49A9-8636-87FCB42AE929}.Release|x86.Build.0 = Release|Win32
		{3141D5D9-8BB1-41FA-BE64-EBEC6C06B29F}.Debug|ARM.ActiveCfg = Debug|ARM
		{3141D5D9-8BB1-41FA-BE64-EBEC6C06B29F}.Debug|ARM.Build.0 = Debug|ARM
		{3141D5D9-8BB1-41FA-BE64-EBEC6C06B29F}.Debug|ARM.Deploy.0 = Debug|ARM
		{3141D5D9-8BB1-41FA-BE64-EBEC6C06B29F}.Debug|x64.ActiveCfg = Debug|x86
		{3141D5D9-8BB1-41FA-BE64-EBEC6C06B29F}.Debug|x86.ActiveCfg = Debug|x86
		{3141D5D9-8BB1-41FA-BE64-EBEC6C06B29F}.Debug|x86.Build.0 = Debug|x86
		{3141D5D9-8BB1-41FA-BE64-EBEC6C06B29F}.Debug|x86.Deploy.0 = Debug|x86
		{3141D5D9-8BB1-41FA-BE64-EBEC6C06B29F}.Release|ARM.ActiveCfg = Release|ARM
		{3141D5D9-8BB1-41FA-BE64-EBEC6C06B29F}.Release|ARM.Build.0 = Release|ARM
		{3141D5D9-8BB1-41FA-BE64-EBEC6C06B29F}.Release|ARM.Deploy.0 = Release|ARM
		{3141D5D9-8BB1-41FA-BE64-EBEC6C06B29F}.Release|x64.ActiveCfg = Release|x86
		{3141D5D9-8BB1-41FA-BE64-EBEC6C06B29F}.Release|x86.ActiveCfg = Release|x86
		{3141D5D9-8BB1-41FA-BE64-EBEC6C06B29F}.Release|x86.Build.0 = Release|x86
		{3141D5D9-8BB1-41FA-BE64-EBEC6C06B29F}.Release|x86.Deploy.0 = Release|x86
		{EABB977A-C639-4C0B-B785-B0010A5F3AE4}.Debug|ARM.ActiveCfg = Debug|ARM
		{EABB977A-C639-4C0B-B785-B0010A5F3AE4}.Debug|ARM.Build.0 = Debug|ARM
		{EABB977A-C639-4C0B-B785-B0010A5F3AE4}.Debug|x64.ActiveCfg = Debug|Win32
		{EABB977A-C639-4C0B-B785-B0010A5F3AE4}.Debug|x86.ActiveCfg = Debug|Win32
		{EABB977A-C639-4C0B-B785-B0010A5F3AE4}.Debug|x86.Build.0 = Debug|Win32
		{EABB977A-C639-4C0B-B785-B0010A5F3AE4}.Release|ARM.ActiveCfg = Release|ARM
		{EABB977A-C639-4C0B-B785-B0010A5F3AE4}.Release|ARM.Build.0 = Release|ARM
		{EABB977A-C639-4C0B-B785-B0010A5F3AE4}.Release|x64.ActiveCfg = Release|Win32
		{EABB977A-C639-4C0B-B785-B0010A5F3AE4}.Release|x86.ActiveCfg = Release|Win32
		{EABB977A-C639-4C0B-B785-B0010A5F3AE4}.Release|x86.Build.0 = Release|Win32
		{AA718494-573E-4C61-B098-6F01DE171F99}.Debug|ARM.ActiveCfg = Debug|ARM
		{AA718494-573E-4C61-B098-6F01DE171F99}.Debug|ARM.Build.0 = Debug|ARM
		{AA718494-573E-4C61-B098-6F01DE171F99}.Debug|x64.ActiveCfg = Debug|Win32
		{AA718494-573E-4C61-B098-6F01DE171F99}.Debug|x86.ActiveCfg = Debug|Win32
		{AA718494-573E-4C61-B098-6F01DE171F99}.Debug|x86.Build.0 = Debug|Win32
		{AA718494-573E-4C61-B098-6F01DE171F99}.Release|ARM.ActiveCfg = Release|ARM
		{AA718494-573E-4C61-B098-6F01DE171F99}.Release|ARM.Build.0 = Release|ARM
		{AA718494-573E-4C61-B098-6F01DE171F99}.Release|x64.ActiveCfg = Release|Win32
		{AA718494-573E-4C61-B098-6F01DE171F99}.Release|x86.ActiveCfg = Release|Win32
		{AA718494-573E-4C61-B098-6F01DE171F99}.Release|x86.Build.0 = Release|Win32
		{53F8E5E1-EB37-4A12-BDB0-D98EB128C47A}.Debug|ARM.ActiveCfg = Debug|ARM
		{53F8E5E1-EB37-4A12-BDB0-D98EB128C47A}.Debug|ARM.Build.0 = Debug|ARM
		{53F8E5E1-EB37-4A12-BDB0-D98EB128C47A}.Debug|ARM.Deploy.0 = Debug|ARM
		{53F8E5E1-EB37-4A12-BDB0-D98EB128C47A}.Debug|x64.ActiveCfg = Debug|x86
		{53F8E5E1-EB37-4A12-BDB0-D98EB128C47A}.Debug|x86.ActiveCfg = Debug|x86
		{53F8E5E1-EB37-4A12-BDB0-D98EB128C47A}.Debug|x86.Build.0 = Debug|x86
		{53F8E5E1-EB37-4A12-BDB0-D98EB128C47A}.Debug|x86.Deploy.0 = Debug|x86
		{53F8E5E1-EB37-4A12-BDB0-D98EB128C47A}.Release|ARM.ActiveCfg = Release|ARM
		{53F8E5E1-EB37-4A12-BDB0-D98EB128C47A}.Release|ARM.Build.0 = Release|ARM
		{53F8E5E1-EB37-4A12-BDB0-D98EB128C47A}.Release|ARM.Deploy.0 = Release|ARM
		{53F8E5E1-EB37-4A12-BDB0-D98EB128C47A}.Release|x64.ActiveCfg = Release|x86
		{53F8E5E1-EB37-4A12-BDB0-D98EB128C47A}.Release|x86.ActiveCfg = Release|x86
		{53F8E5E1-EB37-4A12-BDB0-D98EB128C47A}.Release|x86.Build.0 = Release|x86
		{53F8E5E1-EB37-4A12-BDB0-D98EB128C47A}.Release|x86.Deploy.0 = Release|x86
		{00B50F7D-EB0B-463F-B18D-CE55903646F5}.Debug|ARM.ActiveCfg = Debug|ARM
		{00B50F7D-EB0B-463F-B18D-CE55903646F5}.Debug|ARM.Build.0 = Debug|ARM
		{00B50F7D-EB0B-463F-B18D-CE55903646F5}.Debug|x64.ActiveCfg = Debug|Win32
		{00B50F7D-EB0B-463F-B18D-CE55903646F5}.Debug|x86.ActiveCfg = Debug|Win32
		{00B50F7D-EB0B-463F-B18D-CE55903646F5}.Debug|x86.Build.0 = Debug|Win32
		{00B50F7D-EB0B-463F-B18D-CE55903646F5}.Release|ARM.ActiveCfg = Release|ARM
		{00B50F7D-EB0B-463F-B18D-CE55903646F5}.Release|ARM.Build.0 = Release|ARM
		{00B50F7D-EB0B-463F-B18D-CE55903646F5}.Release|x64.ActiveCfg = Release|Win32
		{00B50F7D-EB0B-463F-B18D-CE55903646F5}.Release|x86.ActiveCfg = Release|Win32
		{00B50F7D-EB0B-463F-B18D-CE55903646F5}.Release|x86.Build.0 = Release|Win32
		{499EBAFA-3460-4F0D-8984-A7D9798A8967}.Debug|ARM.ActiveCfg = Debug|ARM
		{499EBAFA-3460-4F0D-8984-A7D9798A8967}.Debug|ARM.Build.0 = Debug|ARM
		{499EBAFA-3460-4F0D-8984-A7D9798A8967}.Debug|x64.ActiveCfg = Debug|Win32
		{499EBAFA-3460-4F0D-8984-A7D9798A8967}.Debug|x86.ActiveCfg = Debug|Win32
		{499EBAFA-3460-4F0D-8984-A7D9798A8967}.Debug|x86.Build.0 = Debug|Win32
		{499EBAFA-3460-4F0D-8984-A7D9798A8967}.Release|ARM.ActiveCfg = Release|ARM
		{499EBAFA-3460-4F0D-8984-A7D9798A8967}.Release|ARM.Build.0 = Release|ARM
		{499EBAFA-3460-4F0D-8984-A7D9798A8967}.Release|x64.ActiveCfg = Release|Win32
		{499EBAFA-3460-4F0D-8984-A7D9798A8967}.Release|x86.ActiveCfg = Release|Win32
		{499EBAFA-3460-4F0D-8984-A7D9798A8967}.Release|x86.Build.0 = Release|Win32
		{E4127FE0-F956-4925-8C39-BEABDBD7E174}.Debug|ARM.ActiveCfg = Debug|ARM
		{E4127FE0-F956-4925-8C39-BEABDBD7E174}.Debug|ARM.Build.0 = Debug|ARM
		{E4127FE0-F956-4925-8C39-BEABDBD7E174}.Debug|ARM.Deploy.0 = Debug|ARM
		{E4127FE0-F956-4925-8C39-BEABDBD7E174}.Debug|x64.ActiveCfg = Debug|x86
		{E4127FE0-F956-4925-8C39-BEABDBD7E174}.Debug|x86.ActiveCfg = Debug|x86
		{E4127FE0-F956-4925-8C39-BEABDBD7E174}.Debug|x86.Build.0 = Debug|x86
		{E4127FE0-F956-4925-8C39-BEABDBD7E174}.Debug|x86.Deploy.0 = Debug|x86
		{E4127FE0-F956-4925-8C39-BEABDBD7E174}.Release|ARM.ActiveCfg = Release|ARM
		{E4127FE0-F956-4925-8C39-BEABDBD7E174}.Release|ARM.Build.0 = Release|ARM
		{E4127FE0-F956-4925-8C39-BEABDBD7E174}.Release|ARM.Deploy.0 = Release|ARM
		{E4127FE0-F956-4925-8C39-BEABDBD7E174}.Release|x64.ActiveCfg = Release|x86
		{E4127FE0-F956-4925-8C39-BEABDBD7E174}.Release|x86.ActiveCfg = Release|x86
		{E4127FE0-F956-4925-8C39-BEABDBD7E174}.Release|x86.Build.0 = Release|x86
		{E4127FE0-F956-4925-8C39-BEABDBD7E174}.Release|x86.Deploy.0 = Release|x86
	EndGlobalSection
	GlobalSection(SolutionProperties) = preSolution
		HideSolutionNode = FALSE
	EndGlobalSection
EndGlobal
